	<Project xmlns="http://schemas.microsoft.com/developer/msbuild/2003">
		<PropertyGroup>
			<ProjectGuid>{A2533A0E-8621-4A31-A675-059AFF5AA9FB}</ProjectGuid>
			<MainSource>PreviewHTML.dpr</MainSource>
			<Base>True</Base>
			<Config Condition="'$(Config)'==''">Debug</Config>
			<TargetedPlatforms>1</TargetedPlatforms>
			<AppType>Library</AppType>
			<FrameworkType>VCL</FrameworkType>
			<ProjectVersion>13.4</ProjectVersion>
			<Platform Condition="'$(Platform)'==''">Win32</Platform>
		</PropertyGroup>
		<PropertyGroup Condition="'$(Config)'=='Base' or '$(Base)'!=''">
			<Base>true</Base>
		</PropertyGroup>
		<PropertyGroup Condition="('$(Platform)'=='Win64' and '$(Base)'=='true') or '$(Base_Win64)'!=''">
			<Base_Win64>true</Base_Win64>
			<CfgParent>Base</CfgParent>
			<Base>true</Base>
		</PropertyGroup>
		<PropertyGroup Condition="('$(Platform)'=='Win32' and '$(Base)'=='true') or '$(Base_Win32)'!=''">
			<Base_Win32>true</Base_Win32>
			<CfgParent>Base</CfgParent>
			<Base>true</Base>
		</PropertyGroup>
		<PropertyGroup Condition="'$(Config)'=='Release' or '$(Cfg_1)'!=''">
			<Cfg_1>true</Cfg_1>
			<CfgParent>Base</CfgParent>
			<Base>true</Base>
		</PropertyGroup>
		<PropertyGroup Condition="'$(Config)'=='Debug' or '$(Cfg_2)'!=''">
			<Cfg_2>true</Cfg_2>
			<CfgParent>Base</CfgParent>
			<Base>true</Base>
		</PropertyGroup>
		<PropertyGroup Condition="'$(Base)'!=''">
			<PostBuildEventCancelOnError>false</PostBuildEventCancelOnError>
			<PostBuildEvent><![CDATA["C:\MC\Run\Util\Compression\UPX\upx.exe" --best -q "$(OUTPUTPATH)"
$(PostBuildEvent)]]></PostBuildEvent>
			<VerInfo_AutoGenVersion>true</VerInfo_AutoGenVersion>
			<VerInfo_DLL>true</VerInfo_DLL>
			<DCC_ImageBase>00400000</DCC_ImageBase>
			<VerInfo_Build>4</VerInfo_Build>
			<VerInfo_Keys>CompanyName=Voronwë;FileDescription=HTML Preview plugin for Notepad++;FileVersion=1.0.0.4;InternalName=PreviewHTML;LegalCopyright=© Martijn Coppoolse;LegalTrademarks=;OriginalFilename=PreviewHTML.dll;ProductName=Notepad++;ProductVersion=6.0.0.0;Comments=http://martijn.coppoolse.com/software</VerInfo_Keys>
			<DCC_UsePackage>vcl;rtl;dbrtl;adortl;vcldb;vclx;bdertl;vcldbx;ibxpress;dsnap;cds;bdecds;qrpt;teeui;teedb;tee;dss;teeqr;visualclx;visualdbclx;dsnapcrba;dsnapcon;VclSmp;vclshlctrls;vclie;xmlrtl;inet;inetdbbde;inetdbxpress;inetdb;nmfast;webdsnap;websnap;soaprtl;dbexpress;dbxcds;indy;dclOffice2k;dOCI6;CoolTrayIcon_D6plus;curlpkg;ThemeManagerD6;VirtualTreesD6;Jcl;JclVcl;JvCoreD6R;JvSystemD6R;JvStdCtrlsD6R;JvAppFrmD6R;JvBandsD6R;JvDBD6R;JvDlgsD6R;JvBDED6R;JvCmpD6R;JvCryptD6R;JvCtrlsD6R;JvCustomD6R;JvDockingD6R;JvDotNetCtrlsD6R;JvEDID6R;JvGlobusD6R;JvHMID6R;JvInterpreterD6R;JvJansD6R;JvManagedThreadsD6R;JvMMD6R;JvNetD6R;JvPageCompsD6R;JvPluginD6R;JvPrintPreviewD6R;JvRuntimeDesignD6R;JvTimeFrameworkD6R;JvUIBD6R;JvValidatorsD6R;JvWizardD6R;JvXPCtrlsD6R;$(DCC_UsePackage)</DCC_UsePackage>
			<DCC_ExeOutput>..\..\out\$(PLATFORM)\$(CONFIG)</DCC_ExeOutput>
			<DCC_Define>NPPUNICODE;$(DCC_Define)</DCC_Define>
			<DCC_Namespace>System;Xml;Data;Datasnap;Web;Soap;Winapi;Vcl;Vcl.Imaging;Vcl.Touch;Vcl.Samples;Vcl.Shell;$(DCC_Namespace)</DCC_Namespace>
			<VerInfo_IncludeVerInfo>true</VerInfo_IncludeVerInfo>
			<DCC_UnitSearchPath>$(DELPHI)\Lib\Debug;C:\PROGRA~1\Jedi\jcl\lib\d6\debug;$(DCC_UnitSearchPath)</DCC_UnitSearchPath>
			<Manifest_File>$(BDS)\bin\default_app.manifest</Manifest_File>
			<DCC_N>true</DCC_N>
			<DCC_K>false</DCC_K>
			<GenDll>true</GenDll>
			<DCC_S>false</DCC_S>
			<DCC_F>false</DCC_F>
			<VerInfo_Locale>1033</VerInfo_Locale>
			<DCC_SymbolReferenceInfo>1</DCC_SymbolReferenceInfo>
			<DCC_E>false</DCC_E>
			<DCC_DcuOutput>..\..\out\dcu\$(PLATFORM)\$(CONFIG)</DCC_DcuOutput>
		</PropertyGroup>
		<PropertyGroup Condition="'$(Base_Win64)'!=''">
			<Icon_MainIcon>helloworld_Icon.ico</Icon_MainIcon>
		</PropertyGroup>
		<PropertyGroup Condition="'$(Base_Win32)'!=''">
			<DCC_Namespace>System.Win;Data.Win;Datasnap.Win;Web.Win;Soap.Win;Xml.Win;Bde;$(DCC_Namespace)</DCC_Namespace>
		</PropertyGroup>
		<PropertyGroup Condition="'$(Cfg_1)'!=''">
			<DCC_LocalDebugSymbols>false</DCC_LocalDebugSymbols>
			<DCC_DebugInformation>false</DCC_DebugInformation>
			<DCC_SymbolReferenceInfo>0</DCC_SymbolReferenceInfo>
			<DCC_Define>RELEASE;$(DCC_Define)</DCC_Define>
		</PropertyGroup>
		<PropertyGroup Condition="'$(Cfg_2)'!=''">
			<DCC_SymbolReferenceInfo>2</DCC_SymbolReferenceInfo>
			<DCC_Define>DEBUG;$(DCC_Define)</DCC_Define>
			<DCC_Optimize>false</DCC_Optimize>
			<DCC_GenerateStackFrames>true</DCC_GenerateStackFrames>
		</PropertyGroup>
		<ItemGroup>
			<DelphiCompile Include="$(MainSource)">
				<MainSource>MainSource</MainSource>
			</DelphiCompile>
			<RcCompile Include="PreviewHTML_TB.rc">
				<Form>PreviewHTML_TB.res</Form>
			</RcCompile>
			<DCCReference Include="..\lib\nppplugin.pas"/>
			<DCCReference Include="..\lib\SciSupport.pas"/>
			<DCCReference Include="..\lib\NppForms.pas">
				<Form>NppForm</Form>
			</DCCReference>
			<DCCReference Include="..\lib\NppDockingForms.pas">
				<Form>NppDockingForm</Form>
			</DCCReference>
			<DCCReference Include="..\U_Npp_PreviewHTML.pas"/>
			<DCCReference Include="..\F_About.pas">
				<Form>AboutForm</Form>
			</DCCReference>
			<DCCReference Include="..\F_PreviewHTML.pas">
				<Form>HelloWorldDockingForm</Form>
			</DCCReference>
			<DCCReference Include="..\lib\WebBrowser.pas"/>
			<DCCReference Include="..\common\L_VersionInfoW.pas"/>
			<DCCReference Include="..\common\L_SpecialFolders.pas"/>
			<BuildConfiguration Include="Debug">
				<Key>Cfg_2</Key>
				<CfgParent>Base</CfgParent>
			</BuildConfiguration>
			<BuildConfiguration Include="Base">
				<Key>Base</Key>
			</BuildConfiguration>
			<BuildConfiguration Include="Release">
				<Key>Cfg_1</Key>
				<CfgParent>Base</CfgParent>
			</BuildConfiguration>
		</ItemGroup>
		<ProjectExtensions>
			<Borland.Personality>Delphi.Personality.12</Borland.Personality>
			<Borland.ProjectType/>
			<BorlandProject>
				<Delphi.Personality>
					<Source>
						<Source Name="MainSource">PreviewHTML.dpr</Source>
					</Source>
					<Excluded_Packages>
						<Excluded_Packages Name="$(BDSBIN)\dcloffice2k160.bpl">Microsoft Office 2000 Sample Automation Server Wrapper Components</Excluded_Packages>
						<Excluded_Packages Name="$(BDSBIN)\dclofficexp160.bpl">Microsoft Office XP Sample Automation Server Wrapper Components</Excluded_Packages>
					</Excluded_Packages>
					<VersionInfo>
						<VersionInfo Name="IncludeVerInfo">False</VersionInfo>
						<VersionInfo Name="AutoIncBuild">False</VersionInfo>
						<VersionInfo Name="MajorVer">1</VersionInfo>
						<VersionInfo Name="MinorVer">0</VersionInfo>
						<VersionInfo Name="Release">0</VersionInfo>
						<VersionInfo Name="Build">0</VersionInfo>
						<VersionInfo Name="Debug">False</VersionInfo>
						<VersionInfo Name="PreRelease">False</VersionInfo>
						<VersionInfo Name="Special">False</VersionInfo>
						<VersionInfo Name="Private">False</VersionInfo>
						<VersionInfo Name="DLL">False</VersionInfo>
						<VersionInfo Name="Locale">1043</VersionInfo>
						<VersionInfo Name="CodePage">1252</VersionInfo>
					</VersionInfo>
					<VersionInfoKeys>
						<VersionInfoKeys Name="CompanyName"/>
						<VersionInfoKeys Name="FileDescription"/>
						<VersionInfoKeys Name="FileVersion">1.0.0.0</VersionInfoKeys>
						<VersionInfoKeys Name="InternalName"/>
						<VersionInfoKeys Name="LegalCopyright"/>
						<VersionInfoKeys Name="LegalTrademarks"/>
						<VersionInfoKeys Name="OriginalFilename"/>
						<VersionInfoKeys Name="ProductName"/>
						<VersionInfoKeys Name="ProductVersion">1.0.0.0</VersionInfoKeys>
						<VersionInfoKeys Name="Comments"/>
					</VersionInfoKeys>
				</Delphi.Personality>
				<Platforms>
					<Platform value="Win64">False</Platform>
					<Platform value="OSX32">False</Platform>
					<Platform value="Win32">True</Platform>
				</Platforms>
			</BorlandProject>
			<ProjectFileVersion>12</ProjectFileVersion>
		</ProjectExtensions>
		<Import Condition="Exists('$(BDS)\Bin\CodeGear.Delphi.Targets')" Project="$(BDS)\Bin\CodeGear.Delphi.Targets"/>
		<Import Condition="Exists('$(APPDATA)\Embarcadero\$(BDSAPPDATABASEDIR)\$(PRODUCTVERSION)\UserTools.proj')" Project="$(APPDATA)\Embarcadero\$(BDSAPPDATABASEDIR)\$(PRODUCTVERSION)\UserTools.proj"/>
		<PropertyGroup Condition="'$(Config)'=='Release' And '$(Platform)'=='Win64'">
			<PreBuildEvent/>
			<PreBuildEventIgnoreExitCode>False</PreBuildEventIgnoreExitCode>
			<PreLinkEvent/>
			<PreLinkEventIgnoreExitCode>False</PreLinkEventIgnoreExitCode>
			<PostBuildEvent>&quot;C:\MC\Run\Util\Compression\UPX\upx.exe&quot; --best -q &quot;$(OUTPUTPATH)&quot;</PostBuildEvent>
			<PostBuildEventIgnoreExitCode>True</PostBuildEventIgnoreExitCode>
		</PropertyGroup>
		<PropertyGroup Condition="'$(Config)'=='Release' And '$(Platform)'=='OSX32'">
			<PreBuildEvent/>
			<PreBuildEventIgnoreExitCode>False</PreBuildEventIgnoreExitCode>
			<PreLinkEvent/>
			<PreLinkEventIgnoreExitCode>False</PreLinkEventIgnoreExitCode>
			<PostBuildEvent>&quot;C:\MC\Run\Util\Compression\UPX\upx.exe&quot; --best -q &quot;$(OUTPUTPATH)&quot;</PostBuildEvent>
			<PostBuildEventIgnoreExitCode>True</PostBuildEventIgnoreExitCode>
		</PropertyGroup>
		<PropertyGroup Condition="'$(Config)'=='Release' And '$(Platform)'=='Win32'">
			<PreBuildEvent/>
			<PreBuildEventIgnoreExitCode>False</PreBuildEventIgnoreExitCode>
			<PreLinkEvent/>
			<PreLinkEventIgnoreExitCode>False</PreLinkEventIgnoreExitCode>
			<PostBuildEvent>&quot;C:\MC\Run\Util\Compression\UPX\upx.exe&quot; --best -q &quot;$(OUTPUTPATH)&quot;</PostBuildEvent>
			<PostBuildEventIgnoreExitCode>True</PostBuildEventIgnoreExitCode>
		</PropertyGroup>
		<PropertyGroup Condition="'$(Config)'=='Debug' And '$(Platform)'=='Win64'">
			<PreBuildEvent/>
			<PreBuildEventIgnoreExitCode>False</PreBuildEventIgnoreExitCode>
			<PreLinkEvent/>
			<PreLinkEventIgnoreExitCode>False</PreLinkEventIgnoreExitCode>
			<PostBuildEvent>&quot;C:\MC\Run\Util\Compression\UPX\upx.exe&quot; --best -q &quot;$(OUTPUTPATH)&quot;</PostBuildEvent>
			<PostBuildEventIgnoreExitCode>True</PostBuildEventIgnoreExitCode>
		</PropertyGroup>
		<PropertyGroup Condition="'$(Config)'=='Debug' And '$(Platform)'=='OSX32'">
			<PreBuildEvent/>
			<PreBuildEventIgnoreExitCode>False</PreBuildEventIgnoreExitCode>
			<PreLinkEvent/>
			<PreLinkEventIgnoreExitCode>False</PreLinkEventIgnoreExitCode>
			<PostBuildEvent>&quot;C:\MC\Run\Util\Compression\UPX\upx.exe&quot; --best -q &quot;$(OUTPUTPATH)&quot;</PostBuildEvent>
			<PostBuildEventIgnoreExitCode>True</PostBuildEventIgnoreExitCode>
		</PropertyGroup>
		<PropertyGroup Condition="'$(Config)'=='Debug' And '$(Platform)'=='Win32'">
			<PreBuildEvent/>
			<PreBuildEventIgnoreExitCode>False</PreBuildEventIgnoreExitCode>
			<PreLinkEvent/>
			<PreLinkEventIgnoreExitCode>False</PreLinkEventIgnoreExitCode>
			<PostBuildEvent>&quot;C:\MC\Run\Util\Compression\UPX\upx.exe&quot; --best -q &quot;$(OUTPUTPATH)&quot;</PostBuildEvent>
			<PostBuildEventIgnoreExitCode>True</PostBuildEventIgnoreExitCode>
		</PropertyGroup>
	</Project>
